
Microsoft Visual Studio Solution File, Format Version 12.00
# Visual Studio Version 17
VisualStudioVersion = 17.6.33829.357
MinimumVisualStudioVersion = 10.0.40219.1
Project("{FAE04EC0-301F-11D3-BF4B-00C04F79EFBC}") = "Propertys", "Propertys.csproj", "{D5D0E5DC-41E8-4745-920A-6797950C070E}"
EndProject
Global
	GlobalSection(SolutionConfigurationPlatforms) = preSolution
		Debug|Any CPU = Debug|Any CPU
		Release|Any CPU = Release|Any CPU
	EndGlobalSection
	GlobalSection(ProjectConfigurationPlatforms) = postSolution
		{D5D0E5DC-41E8-4745-920A-6797950C070E}.Debug|Any CPU.ActiveCfg = Debug|Any CPU
		{D5D0E5DC-41E8-4745-920A-6797950C070E}.Debug|Any CPU.Build.0 = Debug|Any CPU
		{D5D0E5DC-41E8-4745-920A-6797950C070E}.Release|Any CPU.ActiveCfg = Release|Any CPU
		{D5D0E5DC-41E8-4745-920A-6797950C070E}.Release|Any CPU.Build.0 = Release|Any CPU
	EndGlobalSection
	GlobalSection(SolutionProperties) = preSolution
		HideSolutionNode = FALSE
	EndGlobalSection
	GlobalSection(ExtensibilityGlobals) = postSolution
		SolutionGuid = {FB55C811-27AC-4098-BBB8-3869E0D79E9F}
	EndGlobalSection
EndGlobal
