
Microsoft Visual Studio Solution File, Format Version 12.00
# Visual Studio Version 17
VisualStudioVersion = 17.7.34031.279
MinimumVisualStudioVersion = 10.0.40219.1
Project("{E24C65DC-7377-472B-9ABA-BC803B73C61A}") = "Lab", ".", "{0CBD8F91-3A85-4606-B16F-8B7D9B41A384}"
	ProjectSection(WebsiteProperties) = preProject
		TargetFrameworkMoniker = ".NETFramework,Version%3Dv4.0"
		Debug.AspNetCompiler.VirtualPath = "/localhost_59072"
		Debug.AspNetCompiler.PhysicalPath = "S:\Languages\C#\Lab\"
		Debug.AspNetCompiler.TargetPath = "PrecompiledWeb\localhost_59072\"
		Debug.AspNetCompiler.Updateable = "true"
		Debug.AspNetCompiler.ForceOverwrite = "true"
		Debug.AspNetCompiler.FixedNames = "false"
		Debug.AspNetCompiler.Debug = "True"
		Release.AspNetCompiler.VirtualPath = "/localhost_59072"
		Release.AspNetCompiler.PhysicalPath = "S:\Languages\C#\Lab\"
		Release.AspNetCompiler.TargetPath = "PrecompiledWeb\localhost_59072\"
		Release.AspNetCompiler.Updateable = "true"
		Release.AspNetCompiler.ForceOverwrite = "true"
		Release.AspNetCompiler.FixedNames = "false"
		Release.AspNetCompiler.Debug = "False"
		VWDPort = "59072"
	EndProjectSection
EndProject
Global
	GlobalSection(SolutionConfigurationPlatforms) = preSolution
		Debug|Any CPU = Debug|Any CPU
	EndGlobalSection
	GlobalSection(ProjectConfigurationPlatforms) = postSolution
		{0CBD8F91-3A85-4606-B16F-8B7D9B41A384}.Debug|Any CPU.ActiveCfg = Debug|Any CPU
		{0CBD8F91-3A85-4606-B16F-8B7D9B41A384}.Debug|Any CPU.Build.0 = Debug|Any CPU
	EndGlobalSection
	GlobalSection(SolutionProperties) = preSolution
		HideSolutionNode = FALSE
	EndGlobalSection
	GlobalSection(ExtensibilityGlobals) = postSolution
		SolutionGuid = {1FF3685A-8D7D-4C9E-8B37-BE8F8EECB57C}
	EndGlobalSection
EndGlobal
