
Microsoft Visual Studio Solution File, Format Version 12.00
# Visual Studio Version 17
VisualStudioVersion = 17.7.34221.43
MinimumVisualStudioVersion = 10.0.40219.1
Project("{FAE04EC0-301F-11D3-BF4B-00C04F79EFBC}") = "Connected_Arch", "Connected_Arch\Connected_Arch.csproj", "{F86CEBF8-3E32-4456-8C7A-837FD110B51A}"
EndProject
Global
	GlobalSection(SolutionConfigurationPlatforms) = preSolution
		Debug|Any CPU = Debug|Any CPU
		Release|Any CPU = Release|Any CPU
	EndGlobalSection
	GlobalSection(ProjectConfigurationPlatforms) = postSolution
		{F86CEBF8-3E32-4456-8C7A-837FD110B51A}.Debug|Any CPU.ActiveCfg = Debug|Any CPU
		{F86CEBF8-3E32-4456-8C7A-837FD110B51A}.Debug|Any CPU.Build.0 = Debug|Any CPU
		{F86CEBF8-3E32-4456-8C7A-837FD110B51A}.Release|Any CPU.ActiveCfg = Release|Any CPU
		{F86CEBF8-3E32-4456-8C7A-837FD110B51A}.Release|Any CPU.Build.0 = Release|Any CPU
	EndGlobalSection
	GlobalSection(SolutionProperties) = preSolution
		HideSolutionNode = FALSE
	EndGlobalSection
	GlobalSection(ExtensibilityGlobals) = postSolution
		SolutionGuid = {C7CE27F3-7E0D-4375-AE4C-5C8E75B6FF8C}
	EndGlobalSection
EndGlobal
